
Microsoft Visual Studio Solution File, Format Version 12.00
# Visual Studio 15
VisualStudioVersion = 15.0.27703.2047
MinimumVisualStudioVersion = 10.0.40219.1
Project("{FAE04EC0-301F-11D3-BF4B-00C04F79EFBC}") = "CRUDWithIssues", "CRUDWithIssues\CRUDWithIssues.csproj", "{CE7C75B8-F114-4840-A659-AA2E8865A802}"
EndProject
Global
	GlobalSection(SolutionConfigurationPlatforms) = preSolution
		Debug|Any CPU = Debug|Any CPU
		Release|Any CPU = Release|Any CPU
	EndGlobalSection
	GlobalSection(ProjectConfigurationPlatforms) = postSolution
		{CE7C75B8-F114-4840-A659-AA2E8865A802}.Debug|Any CPU.ActiveCfg = Debug|Any CPU
		{CE7C75B8-F114-4840-A659-AA2E8865A802}.Debug|Any CPU.Build.0 = Debug|Any CPU
		{CE7C75B8-F114-4840-A659-AA2E8865A802}.Release|Any CPU.ActiveCfg = Release|Any CPU
		{CE7C75B8-F114-4840-A659-AA2E8865A802}.Release|Any CPU.Build.0 = Release|Any CPU
	EndGlobalSection
	GlobalSection(SolutionProperties) = preSolution
		HideSolutionNode = FALSE
	EndGlobalSection
	GlobalSection(ExtensibilityGlobals) = postSolution
		SolutionGuid = {541F7755-CB2B-4D24-A528-504EA719520E}
	EndGlobalSection
EndGlobal
